<?xml version="1.0" encoding="utf-8"?>
<Project ToolsVersion="4.0" xmlns="http://schemas.microsoft.com/developer/msbuild/2003">
  <ItemGroup>
    <Filter Include="Source Files">
      <UniqueIdentifier>{4FC737F1-C7A5-4376-A066-2A32D752A2FF}</UniqueIdentifier>
      <Extensions>cpp;c;cc;cxx;def;odl;idl;hpj;bat;asm;asmx</Extensions>
    </Filter>
    <Filter Include="Header Files">
      <UniqueIdentifier>{93995380-89BD-4b04-88EB-625FBE52EBFB}</UniqueIdentifier>
      <Extensions>h;hpp;hxx;hm;inl;inc;xsd</Extensions>
    </Filter>
    <Filter Include="Resource Files">
      <UniqueIdentifier>{67DA6AB6-F800-4c08-8B7A-83BB121AAD01}</UniqueIdentifier>
      <Extensions>rc;ico;cur;bmp;dlg;rc2;rct;bin;rgs;gif;jpg;jpeg;jpe;resx;tiff;tif;png;wav;mfcribbon-ms</Extensions>
    </Filter>
    <Filter Include="Data">
      <UniqueIdentifier>{a66c4ff3-af75-467c-af22-bc2970065836}</UniqueIdentifier>
    </Filter>
  </ItemGroup>
  <ItemGroup>
    <ClCompile Include="AssemblyInfo.cpp">
      <Filter>Source Files</Filter>
    </ClCompile>
    <ClCompile Include="stdafx.cpp">
      <Filter>Source Files</Filter>
    </ClCompile>
    <ClCompile Include="VsiTestSession.cpp">
      <Filter>Source Files</Filter>
    </ClCompile>
    <ClCompile Include="VsiTestStudy.cpp">
      <Filter>Source Files</Filter>
    </ClCompile>
    <ClCompile Include="VsiTestSeries.cpp">
      <Filter>Source Files</Filter>
    </ClCompile>
    <ClCompile Include="VsiTestImage.cpp">
      <Filter>Source Files</Filter>
    </ClCompile>
  </ItemGroup>
  <ItemGroup>
    <ClInclude Include="stdafx.h">
      <Filter>Header Files</Filter>
    </ClInclude>
    <ClInclude Include="resource.h">
      <Filter>Header Files</Filter>
    </ClInclude>
  </ItemGroup>
  <ItemGroup>
    <ResourceCompile Include="app.rc">
      <Filter>Resource Files</Filter>
    </ResourceCompile>
  </ItemGroup>
  <ItemGroup>
    <None Include="app.ico">
      <Filter>Resource Files</Filter>
    </None>
  </ItemGroup>
  <ItemGroup>
    <CustomBuild Include="Data\UnitTestStudyInvalid.vxml">
      <Filter>Data</Filter>
    </CustomBuild>
    <CustomBuild Include="Data\UnitTestStudyVersionIncompatible.vxml">
      <Filter>Data</Filter>
    </CustomBuild>
    <CustomBuild Include="Data\UnitTestStudy.vxml">
      <Filter>Data</Filter>
    </CustomBuild>
    <CustomBuild Include="Data\UnitTestStudyAppConfiguration.xml">
      <Filter>Data</Filter>
    </CustomBuild>
    <CustomBuild Include="Data\UnitTestSeries.vxml">
      <Filter>Data</Filter>
    </CustomBuild>
    <CustomBuild Include="Data\UnitTestSeriesVersionIncompatible.vxml">
      <Filter>Data</Filter>
    </CustomBuild>
    <CustomBuild Include="Data\UnitTestSeriesInvalid.vxml">
      <Filter>Data</Filter>
    </CustomBuild>
    <CustomBuild Include="Data\UnitTestImageInvalid.vxml">
      <Filter>Data</Filter>
    </CustomBuild>
    <CustomBuild Include="Data\UnitTestImage.vxml">
      <Filter>Data</Filter>
    </CustomBuild>
    <CustomBuild Include="Data\UnitTestImageVersionIncompatible.vxml">
      <Filter>Data</Filter>
    </CustomBuild>
    <CustomBuild Include="Data\UnitTestSeriesFields.xml">
      <Filter>Data</Filter>
    </CustomBuild>
  </ItemGroup>
</Project>